
Microsoft Visual Studio Solution File, Format Version 12.00
# Visual Studio Version 16
VisualStudioVersion = 16.0.30907.101
MinimumVisualStudioVersion = 10.0.40219.1
Project("{FAE04EC0-301F-11D3-BF4B-00C04F79EFBC}") = "WorkerMail", "WorkerMail\WorkerMail.csproj", "{1ECFA942-F7D5-4E80-A5DF-BC12A5F8A76F}"
EndProject
Global
	GlobalSection(SolutionConfigurationPlatforms) = preSolution
		Debug|Any CPU = Debug|Any CPU
		Release|Any CPU = Release|Any CPU
	EndGlobalSection
	GlobalSection(ProjectConfigurationPlatforms) = postSolution
		{1ECFA942-F7D5-4E80-A5DF-BC12A5F8A76F}.Debug|Any CPU.ActiveCfg = Debug|Any CPU
		{1ECFA942-F7D5-4E80-A5DF-BC12A5F8A76F}.Debug|Any CPU.Build.0 = Debug|Any CPU
		{1ECFA942-F7D5-4E80-A5DF-BC12A5F8A76F}.Release|Any CPU.ActiveCfg = Release|Any CPU
		{1ECFA942-F7D5-4E80-A5DF-BC12A5F8A76F}.Release|Any CPU.Build.0 = Release|Any CPU
	EndGlobalSection
	GlobalSection(SolutionProperties) = preSolution
		HideSolutionNode = FALSE
	EndGlobalSection
	GlobalSection(ExtensibilityGlobals) = postSolution
		SolutionGuid = {FA207C09-EC7C-45FC-9105-4D61EA920484}
	EndGlobalSection
EndGlobal
